Microsoft Visual Studio Solution File, Format Version 9.00
# Visual C++ Express 2005
Project("{8BC9CEB8-8B4A-11D0-8D11-00A0C91BC942}") = "gdkmm-2.4", "gdkmm\gdkmm.vcproj", "{976C8F9C-1A1D-4E23-B79E-EC9091BBEA0E}"
	ProjectSection(ProjectDependencies) = postProject
		{6EF7CB5B-9781-4CC0-979B-A067E0A088BB} = {6EF7CB5B-9781-4CC0-979B-A067E0A088BB}
		{07324745-C9BE-4D65-B08A-9C88188C0C28} = {07324745-C9BE-4D65-B08A-9C88188C0C28}
	EndProjectSection
EndProject
Project("{8BC9CEB8-8B4A-11D0-8D11-00A0C91BC942}") = "gtkmm-2.4", "gtkmm\gtkmm.vcproj", "{907B8D15-7E12-4136-A7E6-B6ED5E055D39}"
	ProjectSection(ProjectDependencies) = postProject
		{9FE0D5A6-458C-45C7-B954-2C3C1E6196C2} = {9FE0D5A6-458C-45C7-B954-2C3C1E6196C2}
		{976C8F9C-1A1D-4E23-B79E-EC9091BBEA0E} = {976C8F9C-1A1D-4E23-B79E-EC9091BBEA0E}
		{6EF7CB5B-9781-4CC0-979B-A067E0A088BB} = {6EF7CB5B-9781-4CC0-979B-A067E0A088BB}
		{07324745-C9BE-4D65-B08A-9C88188C0C28} = {07324745-C9BE-4D65-B08A-9C88188C0C28}
	EndProjectSection
EndProject
Project("{8BC9CEB8-8B4A-11D0-8D11-00A0C91BC942}") = "atkmm-1.6", "atkmm\atkmm.vcproj", "{9FE0D5A6-458C-45C7-B954-2C3C1E6196C2}"
	ProjectSection(ProjectDependencies) = postProject
		{07324745-C9BE-4D65-B08A-9C88188C0C28} = {07324745-C9BE-4D65-B08A-9C88188C0C28}
	EndProjectSection
EndProject
Project("{8BC9CEB8-8B4A-11D0-8D11-00A0C91BC942}") = "pangomm-1.4", "pangomm\pangomm.vcproj", "{6EF7CB5B-9781-4CC0-979B-A067E0A088BB}"
	ProjectSection(ProjectDependencies) = postProject
		{07324745-C9BE-4D65-B08A-9C88188C0C28} = {07324745-C9BE-4D65-B08A-9C88188C0C28}
	EndProjectSection
EndProject
Project("{8BC9CEB8-8B4A-11D0-8D11-00A0C91BC942}") = "gendef", "gendef\gendef.vcproj", "{07324745-C9BE-4D65-B08A-9C88188C0C28}"
EndProject
Project("{8BC9CEB8-8B4A-11D0-8D11-00A0C91BC942}") = "demos_gtk-demo", "demos\gtk-demo\gtk-demo.vcproj", "{5A8BBE25-E8D8-487B-AD2D-690438F09FA1}"
	ProjectSection(ProjectDependencies) = postProject
		{9FE0D5A6-458C-45C7-B954-2C3C1E6196C2} = {9FE0D5A6-458C-45C7-B954-2C3C1E6196C2}
		{976C8F9C-1A1D-4E23-B79E-EC9091BBEA0E} = {976C8F9C-1A1D-4E23-B79E-EC9091BBEA0E}
		{6EF7CB5B-9781-4CC0-979B-A067E0A088BB} = {6EF7CB5B-9781-4CC0-979B-A067E0A088BB}
		{907B8D15-7E12-4136-A7E6-B6ED5E055D39} = {907B8D15-7E12-4136-A7E6-B6ED5E055D39}
	EndProjectSection
EndProject
Project("{8BC9CEB8-8B4A-11D0-8D11-00A0C91BC942}") = "examples_arrow", "examples\arrow\arrow.vcproj", "{9FE8A8EC-8254-4ACC-B611-A3EE50DA4233}"
	ProjectSection(ProjectDependencies) = postProject
		{9FE0D5A6-458C-45C7-B954-2C3C1E6196C2} = {9FE0D5A6-458C-45C7-B954-2C3C1E6196C2}
		{976C8F9C-1A1D-4E23-B79E-EC9091BBEA0E} = {976C8F9C-1A1D-4E23-B79E-EC9091BBEA0E}
		{6EF7CB5B-9781-4CC0-979B-A067E0A088BB} = {6EF7CB5B-9781-4CC0-979B-A067E0A088BB}
		{907B8D15-7E12-4136-A7E6-B6ED5E055D39} = {907B8D15-7E12-4136-A7E6-B6ED5E055D39}
	EndProjectSection
EndProject
Project("{8BC9CEB8-8B4A-11D0-8D11-00A0C91BC942}") = "examples_direction", "examples\direction\direction.vcproj", "{3DD95190-066E-42A6-89C6-CA6A54321C87}"
	ProjectSection(ProjectDependencies) = postProject
		{9FE0D5A6-458C-45C7-B954-2C3C1E6196C2} = {9FE0D5A6-458C-45C7-B954-2C3C1E6196C2}
		{976C8F9C-1A1D-4E23-B79E-EC9091BBEA0E} = {976C8F9C-1A1D-4E23-B79E-EC9091BBEA0E}
		{6EF7CB5B-9781-4CC0-979B-A067E0A088BB} = {6EF7CB5B-9781-4CC0-979B-A067E0A088BB}
		{907B8D15-7E12-4136-A7E6-B6ED5E055D39} = {907B8D15-7E12-4136-A7E6-B6ED5E055D39}
	EndProjectSection
EndProject
Project("{8BC9CEB8-8B4A-11D0-8D11-00A0C91BC942}") = "examples_calendar", "examples\calendar\calendar.vcproj", "{A5DE0D48-0A8F-4BF3-A816-F2D81E7CB43B}"
	ProjectSection(ProjectDependencies) = postProject
		{9FE0D5A6-458C-45C7-B954-2C3C1E6196C2} = {9FE0D5A6-458C-45C7-B954-2C3C1E6196C2}
		{976C8F9C-1A1D-4E23-B79E-EC9091BBEA0E} = {976C8F9C-1A1D-4E23-B79E-EC9091BBEA0E}
		{6EF7CB5B-9781-4CC0-979B-A067E0A088BB} = {6EF7CB5B-9781-4CC0-979B-A067E0A088BB}
		{907B8D15-7E12-4136-A7E6-B6ED5E055D39} = {907B8D15-7E12-4136-A7E6-B6ED5E055D39}
	EndProjectSection
EndProject
Project("{8BC9CEB8-8B4A-11D0-8D11-00A0C91BC942}") = "examples_cellrenderercustom_toggle", "examples\cellrenderercustom_toggle\cellrenderercustom_toggle.vcproj", "{7015D351-A17B-4C60-951E-F7067925DADA}"
	ProjectSection(ProjectDependencies) = postProject
		{9FE0D5A6-458C-45C7-B954-2C3C1E6196C2} = {9FE0D5A6-458C-45C7-B954-2C3C1E6196C2}
		{976C8F9C-1A1D-4E23-B79E-EC9091BBEA0E} = {976C8F9C-1A1D-4E23-B79E-EC9091BBEA0E}
		{6EF7CB5B-9781-4CC0-979B-A067E0A088BB} = {6EF7CB5B-9781-4CC0-979B-A067E0A088BB}
		{907B8D15-7E12-4136-A7E6-B6ED5E055D39} = {907B8D15-7E12-4136-A7E6-B6ED5E055D39}
	EndProjectSection
EndProject
Project("{8BC9CEB8-8B4A-11D0-8D11-00A0C91BC942}") = "examples_cellrenderercustom_popup", "examples\cellrenderercustom_popup\cellrenderercustom_popup.vcproj", "{DF428E3D-31F2-4F50-9187-0176351CFD42}"
	ProjectSection(ProjectDependencies) = postProject
		{9FE0D5A6-458C-45C7-B954-2C3C1E6196C2} = {9FE0D5A6-458C-45C7-B954-2C3C1E6196C2}
		{976C8F9C-1A1D-4E23-B79E-EC9091BBEA0E} = {976C8F9C-1A1D-4E23-B79E-EC9091BBEA0E}
		{6EF7CB5B-9781-4CC0-979B-A067E0A088BB} = {6EF7CB5B-9781-4CC0-979B-A067E0A088BB}
		{907B8D15-7E12-4136-A7E6-B6ED5E055D39} = {907B8D15-7E12-4136-A7E6-B6ED5E055D39}
	EndProjectSection
EndProject
Project("{8BC9CEB8-8B4A-11D0-8D11-00A0C91BC942}") = "examples_dnd", "examples\dnd\dnd.vcproj", "{0BB91EA6-923E-4181-8A8C-480BD1D60B18}"
	ProjectSection(ProjectDependencies) = postProject
		{9FE0D5A6-458C-45C7-B954-2C3C1E6196C2} = {9FE0D5A6-458C-45C7-B954-2C3C1E6196C2}
		{976C8F9C-1A1D-4E23-B79E-EC9091BBEA0E} = {976C8F9C-1A1D-4E23-B79E-EC9091BBEA0E}
		{6EF7CB5B-9781-4CC0-979B-A067E0A088BB} = {6EF7CB5B-9781-4CC0-979B-A067E0A088BB}
		{907B8D15-7E12-4136-A7E6-B6ED5E055D39} = {907B8D15-7E12-4136-A7E6-B6ED5E055D39}
	EndProjectSection
EndProject
Project("{8BC9CEB8-8B4A-11D0-8D11-00A0C91BC942}") = "examples_window", "examples\window\window.vcproj", "{C4F1EA94-465A-416C-B7AA-160BBF2552C1}"
	ProjectSection(ProjectDependencies) = postProject
		{9FE0D5A6-458C-45C7-B954-2C3C1E6196C2} = {9FE0D5A6-458C-45C7-B954-2C3C1E6196C2}
		{976C8F9C-1A1D-4E23-B79E-EC9091BBEA0E} = {976C8F9C-1A1D-4E23-B79E-EC9091BBEA0E}
		{6EF7CB5B-9781-4CC0-979B-A067E0A088BB} = {6EF7CB5B-9781-4CC0-979B-A067E0A088BB}
		{907B8D15-7E12-4136-A7E6-B6ED5E055D39} = {907B8D15-7E12-4136-A7E6-B6ED5E055D39}
	EndProjectSection
EndProject
Project("{8BC9CEB8-8B4A-11D0-8D11-00A0C91BC942}") = "examples_treemodelcustom", "examples\treemodelcustom\treemodelcustom.vcproj", "{40691C26-671D-4485-AB13-A7E596E5E9AC}"
	ProjectSection(ProjectDependencies) = postProject
		{9FE0D5A6-458C-45C7-B954-2C3C1E6196C2} = {9FE0D5A6-458C-45C7-B954-2C3C1E6196C2}
		{976C8F9C-1A1D-4E23-B79E-EC9091BBEA0E} = {976C8F9C-1A1D-4E23-B79E-EC9091BBEA0E}
		{6EF7CB5B-9781-4CC0-979B-A067E0A088BB} = {6EF7CB5B-9781-4CC0-979B-A067E0A088BB}
		{907B8D15-7E12-4136-A7E6-B6ED5E055D39} = {907B8D15-7E12-4136-A7E6-B6ED5E055D39}
	EndProjectSection
EndProject
Project("{8BC9CEB8-8B4A-11D0-8D11-00A0C91BC942}") = "examples_tictactoe", "examples\tictactoe\tictactoe.vcproj", "{CA7153FA-AEEB-4719-9B51-729954F8003D}"
	ProjectSection(ProjectDependencies) = postProject
		{9FE0D5A6-458C-45C7-B954-2C3C1E6196C2} = {9FE0D5A6-458C-45C7-B954-2C3C1E6196C2}
		{976C8F9C-1A1D-4E23-B79E-EC9091BBEA0E} = {976C8F9C-1A1D-4E23-B79E-EC9091BBEA0E}
		{6EF7CB5B-9781-4CC0-979B-A067E0A088BB} = {6EF7CB5B-9781-4CC0-979B-A067E0A088BB}
		{907B8D15-7E12-4136-A7E6-B6ED5E055D39} = {907B8D15-7E12-4136-A7E6-B6ED5E055D39}
	EndProjectSection
EndProject
Project("{8BC9CEB8-8B4A-11D0-8D11-00A0C91BC942}") = "examples_stock", "examples\stock\stock.vcproj", "{3B1B452B-FB4B-449F-9F38-67226CA174DE}"
	ProjectSection(ProjectDependencies) = postProject
		{9FE0D5A6-458C-45C7-B954-2C3C1E6196C2} = {9FE0D5A6-458C-45C7-B954-2C3C1E6196C2}
		{976C8F9C-1A1D-4E23-B79E-EC9091BBEA0E} = {976C8F9C-1A1D-4E23-B79E-EC9091BBEA0E}
		{6EF7CB5B-9781-4CC0-979B-A067E0A088BB} = {6EF7CB5B-9781-4CC0-979B-A067E0A088BB}
		{907B8D15-7E12-4136-A7E6-B6ED5E055D39} = {907B8D15-7E12-4136-A7E6-B6ED5E055D39}
	EndProjectSection
EndProject
Project("{8BC9CEB8-8B4A-11D0-8D11-00A0C91BC942}") = "examples_statusbar", "examples\statusbar\statusbar.vcproj", "{942BE422-98AE-4C07-958A-6C6B67EB6F83}"
	ProjectSection(ProjectDependencies) = postProject
		{9FE0D5A6-458C-45C7-B954-2C3C1E6196C2} = {9FE0D5A6-458C-45C7-B954-2C3C1E6196C2}
		{976C8F9C-1A1D-4E23-B79E-EC9091BBEA0E} = {976C8F9C-1A1D-4E23-B79E-EC9091BBEA0E}
		{6EF7CB5B-9781-4CC0-979B-A067E0A088BB} = {6EF7CB5B-9781-4CC0-979B-A067E0A088BB}
		{907B8D15-7E12-4136-A7E6-B6ED5E055D39} = {907B8D15-7E12-4136-A7E6-B6ED5E055D39}
	EndProjectSection
EndProject
Project("{8BC9CEB8-8B4A-11D0-8D11-00A0C91BC942}") = "examples_rulers", "examples\rulers\rulers.vcproj", "{196D9F62-D2A5-4F6E-A72D-91D11311F96E}"
	ProjectSection(ProjectDependencies) = postProject
		{9FE0D5A6-458C-45C7-B954-2C3C1E6196C2} = {9FE0D5A6-458C-45C7-B954-2C3C1E6196C2}
		{976C8F9C-1A1D-4E23-B79E-EC9091BBEA0E} = {976C8F9C-1A1D-4E23-B79E-EC9091BBEA0E}
		{6EF7CB5B-9781-4CC0-979B-A067E0A088BB} = {6EF7CB5B-9781-4CC0-979B-A067E0A088BB}
		{907B8D15-7E12-4136-A7E6-B6ED5E055D39} = {907B8D15-7E12-4136-A7E6-B6ED5E055D39}
	EndProjectSection
EndProject
Project("{8BC9CEB8-8B4A-11D0-8D11-00A0C91BC942}") = "examples_gdk", "examples\gdk\gdk.vcproj", "{15E36DAE-0AD8-4021-B1A1-1FEE037734D7}"
	ProjectSection(ProjectDependencies) = postProject
		{9FE0D5A6-458C-45C7-B954-2C3C1E6196C2} = {9FE0D5A6-458C-45C7-B954-2C3C1E6196C2}
		{976C8F9C-1A1D-4E23-B79E-EC9091BBEA0E} = {976C8F9C-1A1D-4E23-B79E-EC9091BBEA0E}
		{6EF7CB5B-9781-4CC0-979B-A067E0A088BB} = {6EF7CB5B-9781-4CC0-979B-A067E0A088BB}
		{907B8D15-7E12-4136-A7E6-B6ED5E055D39} = {907B8D15-7E12-4136-A7E6-B6ED5E055D39}
	EndProjectSection
EndProject
Project("{8BC9CEB8-8B4A-11D0-8D11-00A0C91BC942}") = "examples_exception", "examples\exception\exception.vcproj", "{74A636AB-D7EB-46F9-9AE1-84D6E9808C7C}"
	ProjectSection(ProjectDependencies) = postProject
		{9FE0D5A6-458C-45C7-B954-2C3C1E6196C2} = {9FE0D5A6-458C-45C7-B954-2C3C1E6196C2}
		{976C8F9C-1A1D-4E23-B79E-EC9091BBEA0E} = {976C8F9C-1A1D-4E23-B79E-EC9091BBEA0E}
		{6EF7CB5B-9781-4CC0-979B-A067E0A088BB} = {6EF7CB5B-9781-4CC0-979B-A067E0A088BB}
		{907B8D15-7E12-4136-A7E6-B6ED5E055D39} = {907B8D15-7E12-4136-A7E6-B6ED5E055D39}
	EndProjectSection
EndProject
Project("{8BC9CEB8-8B4A-11D0-8D11-00A0C91BC942}") = "examples_printing", "examples\printing\printing.vcproj", "{7EF918D4-969B-45B0-9143-0C95D37FDEAE}"
	ProjectSection(ProjectDependencies) = postProject
		{907B8D15-7E12-4136-A7E6-B6ED5E055D39} = {907B8D15-7E12-4136-A7E6-B6ED5E055D39}
		{6EF7CB5B-9781-4CC0-979B-A067E0A088BB} = {6EF7CB5B-9781-4CC0-979B-A067E0A088BB}
		{976C8F9C-1A1D-4E23-B79E-EC9091BBEA0E} = {976C8F9C-1A1D-4E23-B79E-EC9091BBEA0E}
		{9FE0D5A6-458C-45C7-B954-2C3C1E6196C2} = {9FE0D5A6-458C-45C7-B954-2C3C1E6196C2}
	EndProjectSection
EndProject
Global
	GlobalSection(SolutionConfigurationPlatforms) = preSolution
		Debug|Win32 = Debug|Win32
		Release|Win32 = Release|Win32
	EndGlobalSection
	GlobalSection(ProjectConfigurationPlatforms) = postSolution
		{976C8F9C-1A1D-4E23-B79E-EC9091BBEA0E}.Debug|Win32.ActiveCfg = Debug|Win32
		{976C8F9C-1A1D-4E23-B79E-EC9091BBEA0E}.Debug|Win32.Build.0 = Debug|Win32
		{976C8F9C-1A1D-4E23-B79E-EC9091BBEA0E}.Release|Win32.ActiveCfg = Release|Win32
		{976C8F9C-1A1D-4E23-B79E-EC9091BBEA0E}.Release|Win32.Build.0 = Release|Win32
		{907B8D15-7E12-4136-A7E6-B6ED5E055D39}.Debug|Win32.ActiveCfg = Debug|Win32
		{907B8D15-7E12-4136-A7E6-B6ED5E055D39}.Debug|Win32.Build.0 = Debug|Win32
		{907B8D15-7E12-4136-A7E6-B6ED5E055D39}.Release|Win32.ActiveCfg = Release|Win32
		{907B8D15-7E12-4136-A7E6-B6ED5E055D39}.Release|Win32.Build.0 = Release|Win32
		{9FE0D5A6-458C-45C7-B954-2C3C1E6196C2}.Debug|Win32.ActiveCfg = Debug|Win32
		{9FE0D5A6-458C-45C7-B954-2C3C1E6196C2}.Debug|Win32.Build.0 = Debug|Win32
		{9FE0D5A6-458C-45C7-B954-2C3C1E6196C2}.Release|Win32.ActiveCfg = Release|Win32
		{9FE0D5A6-458C-45C7-B954-2C3C1E6196C2}.Release|Win32.Build.0 = Release|Win32
		{6EF7CB5B-9781-4CC0-979B-A067E0A088BB}.Debug|Win32.ActiveCfg = Debug|Win32
		{6EF7CB5B-9781-4CC0-979B-A067E0A088BB}.Debug|Win32.Build.0 = Debug|Win32
		{6EF7CB5B-9781-4CC0-979B-A067E0A088BB}.Release|Win32.ActiveCfg = Release|Win32
		{6EF7CB5B-9781-4CC0-979B-A067E0A088BB}.Release|Win32.Build.0 = Release|Win32
		{07324745-C9BE-4D65-B08A-9C88188C0C28}.Debug|Win32.ActiveCfg = Debug|Win32
		{07324745-C9BE-4D65-B08A-9C88188C0C28}.Debug|Win32.Build.0 = Debug|Win32
		{07324745-C9BE-4D65-B08A-9C88188C0C28}.Release|Win32.ActiveCfg = Release|Win32
		{07324745-C9BE-4D65-B08A-9C88188C0C28}.Release|Win32.Build.0 = Release|Win32
		{5A8BBE25-E8D8-487B-AD2D-690438F09FA1}.Debug|Win32.ActiveCfg = Debug|Win32
		{5A8BBE25-E8D8-487B-AD2D-690438F09FA1}.Debug|Win32.Build.0 = Debug|Win32
		{5A8BBE25-E8D8-487B-AD2D-690438F09FA1}.Release|Win32.ActiveCfg = Release|Win32
		{5A8BBE25-E8D8-487B-AD2D-690438F09FA1}.Release|Win32.Build.0 = Release|Win32
		{9FE8A8EC-8254-4ACC-B611-A3EE50DA4233}.Debug|Win32.ActiveCfg = Debug|Win32
		{9FE8A8EC-8254-4ACC-B611-A3EE50DA4233}.Debug|Win32.Build.0 = Debug|Win32
		{9FE8A8EC-8254-4ACC-B611-A3EE50DA4233}.Release|Win32.ActiveCfg = Release|Win32
		{9FE8A8EC-8254-4ACC-B611-A3EE50DA4233}.Release|Win32.Build.0 = Release|Win32
		{3DD95190-066E-42A6-89C6-CA6A54321C87}.Debug|Win32.ActiveCfg = Debug|Win32
		{3DD95190-066E-42A6-89C6-CA6A54321C87}.Debug|Win32.Build.0 = Debug|Win32
		{3DD95190-066E-42A6-89C6-CA6A54321C87}.Release|Win32.ActiveCfg = Release|Win32
		{3DD95190-066E-42A6-89C6-CA6A54321C87}.Release|Win32.Build.0 = Release|Win32
		{A5DE0D48-0A8F-4BF3-A816-F2D81E7CB43B}.Debug|Win32.ActiveCfg = Debug|Win32
		{A5DE0D48-0A8F-4BF3-A816-F2D81E7CB43B}.Debug|Win32.Build.0 = Debug|Win32
		{A5DE0D48-0A8F-4BF3-A816-F2D81E7CB43B}.Release|Win32.ActiveCfg = Release|Win32
		{A5DE0D48-0A8F-4BF3-A816-F2D81E7CB43B}.Release|Win32.Build.0 = Release|Win32
		{7015D351-A17B-4C60-951E-F7067925DADA}.Debug|Win32.ActiveCfg = Debug|Win32
		{7015D351-A17B-4C60-951E-F7067925DADA}.Debug|Win32.Build.0 = Debug|Win32
		{7015D351-A17B-4C60-951E-F7067925DADA}.Release|Win32.ActiveCfg = Release|Win32
		{7015D351-A17B-4C60-951E-F7067925DADA}.Release|Win32.Build.0 = Release|Win32
		{DF428E3D-31F2-4F50-9187-0176351CFD42}.Debug|Win32.ActiveCfg = Debug|Win32
		{DF428E3D-31F2-4F50-9187-0176351CFD42}.Debug|Win32.Build.0 = Debug|Win32
		{DF428E3D-31F2-4F50-9187-0176351CFD42}.Release|Win32.ActiveCfg = Release|Win32
		{DF428E3D-31F2-4F50-9187-0176351CFD42}.Release|Win32.Build.0 = Release|Win32
		{0BB91EA6-923E-4181-8A8C-480BD1D60B18}.Debug|Win32.ActiveCfg = Debug|Win32
		{0BB91EA6-923E-4181-8A8C-480BD1D60B18}.Debug|Win32.Build.0 = Debug|Win32
		{0BB91EA6-923E-4181-8A8C-480BD1D60B18}.Release|Win32.ActiveCfg = Release|Win32
		{0BB91EA6-923E-4181-8A8C-480BD1D60B18}.Release|Win32.Build.0 = Release|Win32
		{C4F1EA94-465A-416C-B7AA-160BBF2552C1}.Debug|Win32.ActiveCfg = Debug|Win32
		{C4F1EA94-465A-416C-B7AA-160BBF2552C1}.Debug|Win32.Build.0 = Debug|Win32
		{C4F1EA94-465A-416C-B7AA-160BBF2552C1}.Release|Win32.ActiveCfg = Release|Win32
		{C4F1EA94-465A-416C-B7AA-160BBF2552C1}.Release|Win32.Build.0 = Release|Win32
		{40691C26-671D-4485-AB13-A7E596E5E9AC}.Debug|Win32.ActiveCfg = Debug|Win32
		{40691C26-671D-4485-AB13-A7E596E5E9AC}.Debug|Win32.Build.0 = Debug|Win32
		{40691C26-671D-4485-AB13-A7E596E5E9AC}.Release|Win32.ActiveCfg = Release|Win32
		{40691C26-671D-4485-AB13-A7E596E5E9AC}.Release|Win32.Build.0 = Release|Win32
		{CA7153FA-AEEB-4719-9B51-729954F8003D}.Debug|Win32.ActiveCfg = Debug|Win32
		{CA7153FA-AEEB-4719-9B51-729954F8003D}.Debug|Win32.Build.0 = Debug|Win32
		{CA7153FA-AEEB-4719-9B51-729954F8003D}.Release|Win32.ActiveCfg = Release|Win32
		{CA7153FA-AEEB-4719-9B51-729954F8003D}.Release|Win32.Build.0 = Release|Win32
		{3B1B452B-FB4B-449F-9F38-67226CA174DE}.Debug|Win32.ActiveCfg = Debug|Win32
		{3B1B452B-FB4B-449F-9F38-67226CA174DE}.Debug|Win32.Build.0 = Debug|Win32
		{3B1B452B-FB4B-449F-9F38-67226CA174DE}.Release|Win32.ActiveCfg = Release|Win32
		{3B1B452B-FB4B-449F-9F38-67226CA174DE}.Release|Win32.Build.0 = Release|Win32
		{942BE422-98AE-4C07-958A-6C6B67EB6F83}.Debug|Win32.ActiveCfg = Debug|Win32
		{942BE422-98AE-4C07-958A-6C6B67EB6F83}.Debug|Win32.Build.0 = Debug|Win32
		{942BE422-98AE-4C07-958A-6C6B67EB6F83}.Release|Win32.ActiveCfg = Release|Win32
		{942BE422-98AE-4C07-958A-6C6B67EB6F83}.Release|Win32.Build.0 = Release|Win32
		{196D9F62-D2A5-4F6E-A72D-91D11311F96E}.Debug|Win32.ActiveCfg = Debug|Win32
		{196D9F62-D2A5-4F6E-A72D-91D11311F96E}.Debug|Win32.Build.0 = Debug|Win32
		{196D9F62-D2A5-4F6E-A72D-91D11311F96E}.Release|Win32.ActiveCfg = Release|Win32
		{196D9F62-D2A5-4F6E-A72D-91D11311F96E}.Release|Win32.Build.0 = Release|Win32
		{15E36DAE-0AD8-4021-B1A1-1FEE037734D7}.Debug|Win32.ActiveCfg = Debug|Win32
		{15E36DAE-0AD8-4021-B1A1-1FEE037734D7}.Debug|Win32.Build.0 = Debug|Win32
		{15E36DAE-0AD8-4021-B1A1-1FEE037734D7}.Release|Win32.ActiveCfg = Release|Win32
		{15E36DAE-0AD8-4021-B1A1-1FEE037734D7}.Release|Win32.Build.0 = Release|Win32
		{74A636AB-D7EB-46F9-9AE1-84D6E9808C7C}.Debug|Win32.ActiveCfg = Debug|Win32
		{74A636AB-D7EB-46F9-9AE1-84D6E9808C7C}.Debug|Win32.Build.0 = Debug|Win32
		{74A636AB-D7EB-46F9-9AE1-84D6E9808C7C}.Release|Win32.ActiveCfg = Release|Win32
		{74A636AB-D7EB-46F9-9AE1-84D6E9808C7C}.Release|Win32.Build.0 = Release|Win32
		{7EF918D4-969B-45B0-9143-0C95D37FDEAE}.Debug|Win32.ActiveCfg = Debug|Win32
		{7EF918D4-969B-45B0-9143-0C95D37FDEAE}.Debug|Win32.Build.0 = Debug|Win32
		{7EF918D4-969B-45B0-9143-0C95D37FDEAE}.Release|Win32.ActiveCfg = Release|Win32
		{7EF918D4-969B-45B0-9143-0C95D37FDEAE}.Release|Win32.Build.0 = Release|Win32
	EndGlobalSection
	GlobalSection(SolutionProperties) = preSolution
		HideSolutionNode = FALSE
	EndGlobalSection
EndGlobal
