
Microsoft Visual Studio Solution File, Format Version 12.00
# Visual Studio 2012
Project("{6141683F-8A12-4E36-9623-2EB02B2C2303}") = "TracksLiveSetup", "TracksLiveSetup\TracksLiveSetup.isproj", "{A8D2365B-591E-419D-AD7A-FB545778A384}"
EndProject
Global
	GlobalSection(SolutionConfigurationPlatforms) = preSolution
		CD_ROM|Default = CD_ROM|Default
		DVD-5|Default = DVD-5|Default
		SingleImage|Default = SingleImage|Default
	EndGlobalSection
	GlobalSection(ProjectConfigurationPlatforms) = postSolution
		{A8D2365B-591E-419D-AD7A-FB545778A384}.CD_ROM|Default.ActiveCfg = CD_ROM
		{A8D2365B-591E-419D-AD7A-FB545778A384}.CD_ROM|Default.Build.0 = CD_ROM
		{A8D2365B-591E-419D-AD7A-FB545778A384}.DVD-5|Default.ActiveCfg = DVD-5
		{A8D2365B-591E-419D-AD7A-FB545778A384}.DVD-5|Default.Build.0 = DVD-5
		{A8D2365B-591E-419D-AD7A-FB545778A384}.SingleImage|Default.ActiveCfg = SingleImage
		{A8D2365B-591E-419D-AD7A-FB545778A384}.SingleImage|Default.Build.0 = SingleImage
	EndGlobalSection
	GlobalSection(SolutionProperties) = preSolution
		HideSolutionNode = FALSE
	EndGlobalSection
EndGlobal
